
Microsoft Visual Studio Solution File, Format Version 12.00
# Visual Studio Version 17
VisualStudioVersion = 17.9.34728.123
MinimumVisualStudioVersion = 10.0.40219.1
Project("{FAE04EC0-301F-11D3-BF4B-00C04F79EFBC}") = "Dbord", "Dbord\Dbord.csproj", "{03AFFCFC-3BE7-42AC-8DE0-DE5DF749AB3E}"
EndProject
Global
	GlobalSection(SolutionConfigurationPlatforms) = preSolution
		Debug|Any CPU = Debug|Any CPU
		Release|Any CPU = Release|Any CPU
	EndGlobalSection
	GlobalSection(ProjectConfigurationPlatforms) = postSolution
		{03AFFCFC-3BE7-42AC-8DE0-DE5DF749AB3E}.Debug|Any CPU.ActiveCfg = Debug|Any CPU
		{03AFFCFC-3BE7-42AC-8DE0-DE5DF749AB3E}.Debug|Any CPU.Build.0 = Debug|Any CPU
		{03AFFCFC-3BE7-42AC-8DE0-DE5DF749AB3E}.Release|Any CPU.ActiveCfg = Release|Any CPU
		{03AFFCFC-3BE7-42AC-8DE0-DE5DF749AB3E}.Release|Any CPU.Build.0 = Release|Any CPU
	EndGlobalSection
	GlobalSection(SolutionProperties) = preSolution
		HideSolutionNode = FALSE
	EndGlobalSection
	GlobalSection(ExtensibilityGlobals) = postSolution
		SolutionGuid = {3C33E1E3-7646-4C2E-AA0E-73B7D8FCC1F0}
	EndGlobalSection
EndGlobal
